
Microsoft Visual Studio Solution File, Format Version 12.00
Project("{FAE04EC0-301F-11D3-BF4B-00C04F79EFBC}") = "BinLog", "BinLog\BinLog.csproj", "{F8549E96-EFE7-415E-A35E-7DF79B5FB5F6}"
EndProject
Project("{FAE04EC0-301F-11D3-BF4B-00C04F79EFBC}") = "BinLog.Tests", "BinLog.Tests\BinLog.Tests.csproj", "{3BAA9F75-B3FF-40E6-B059-63D869FAD761}"
EndProject
Global
	GlobalSection(SolutionConfigurationPlatforms) = preSolution
		Debug|Any CPU = Debug|Any CPU
		Release|Any CPU = Release|Any CPU
	EndGlobalSection
	GlobalSection(ProjectConfigurationPlatforms) = postSolution
		{F8549E96-EFE7-415E-A35E-7DF79B5FB5F6}.Debug|Any CPU.ActiveCfg = Debug|Any CPU
		{F8549E96-EFE7-415E-A35E-7DF79B5FB5F6}.Debug|Any CPU.Build.0 = Debug|Any CPU
		{F8549E96-EFE7-415E-A35E-7DF79B5FB5F6}.Release|Any CPU.ActiveCfg = Release|Any CPU
		{F8549E96-EFE7-415E-A35E-7DF79B5FB5F6}.Release|Any CPU.Build.0 = Release|Any CPU
		{3BAA9F75-B3FF-40E6-B059-63D869FAD761}.Debug|Any CPU.ActiveCfg = Debug|Any CPU
		{3BAA9F75-B3FF-40E6-B059-63D869FAD761}.Debug|Any CPU.Build.0 = Debug|Any CPU
		{3BAA9F75-B3FF-40E6-B059-63D869FAD761}.Release|Any CPU.ActiveCfg = Release|Any CPU
		{3BAA9F75-B3FF-40E6-B059-63D869FAD761}.Release|Any CPU.Build.0 = Release|Any CPU
	EndGlobalSection
EndGlobal
